
Microsoft Visual Studio Solution File, Format Version 12.00
# Visual Studio Version 16
VisualStudioVersion = 16.0.29102.190
MinimumVisualStudioVersion = 10.0.40219.1
Project("{FAE04EC0-301F-11D3-BF4B-00C04F79EFBC}") = "UnitTestProject1", "src\UnitTestProject1\UnitTestProject1.csproj", "{4A3C8C8B-6642-405F-B349-57E23903F15B}"
EndProject
Project("{FAE04EC0-301F-11D3-BF4B-00C04F79EFBC}") = "NTMiner.Core", "src\NTMiner.Core\NTMiner.Core.csproj", "{85D052AB-44B8-46F3-9D7B-F624C24FD8BA}"
EndProject
Project("{FAE04EC0-301F-11D3-BF4B-00C04F79EFBC}") = "NTMinerlib", "src\NTMinerlib\NTMinerlib.csproj", "{5D0F2719-83FD-40FC-8F65-85EBB891BC13}"
EndProject
Project("{FAE04EC0-301F-11D3-BF4B-00C04F79EFBC}") = "NTMinerDaemon", "src\NTMinerDaemon\NTMinerDaemon.csproj", "{4B8A3AEC-4021-480A-8C5F-DCA17E6867B0}"
EndProject
Project("{2150E333-8FDC-42A3-9474-1A3956D46DE8}") = "Client", "Client", "{E66C9F7C-617A-4E97-978A-A06E3A95BEE8}"
EndProject
Project("{2150E333-8FDC-42A3-9474-1A3956D46DE8}") = "Server", "Server", "{43C57D59-9DC7-45AE-9D09-5D3D413E41EC}"
EndProject
Project("{FAE04EC0-301F-11D3-BF4B-00C04F79EFBC}") = "DevConsole", "src\DevConsole\DevConsole.csproj", "{56216641-FA69-46BD-AD32-C31F9FA735C8}"
EndProject
Project("{FAE04EC0-301F-11D3-BF4B-00C04F79EFBC}") = "NTMinerUpdater", "src\NTMinerUpdater\NTMinerUpdater.csproj", "{436B02D6-E66E-41BA-B641-2A195702839B}"
EndProject
Project("{FAE04EC0-301F-11D3-BF4B-00C04F79EFBC}") = "NTMinerWpf", "src\NTMinerWpf\NTMinerWpf.csproj", "{DD8E010E-D5E9-47CF-9CB4-8DC6E13D483D}"
EndProject
Project("{2150E333-8FDC-42A3-9474-1A3956D46DE8}") = "Solution Items", "Solution Items", "{CE1BCA4A-E725-42A7-80ED-AEDF3B0EF2EB}"
	ProjectSection(SolutionItems) = preProject
		996LICENSE = 996LICENSE
		README.md = README.md
	EndProjectSection
EndProject
Project("{FAE04EC0-301F-11D3-BF4B-00C04F79EFBC}") = "AppModels", "src\AppModels\AppModels.csproj", "{3426F677-5026-4BB1-A0B2-DD5D9BD70D07}"
EndProject
Project("{FAE04EC0-301F-11D3-BF4B-00C04F79EFBC}") = "AppViews0", "src\AppViews0\AppViews0.csproj", "{B3667589-D9B1-489E-AB4F-D1EC06A40A9D}"
EndProject
Project("{FAE04EC0-301F-11D3-BF4B-00C04F79EFBC}") = "CalcConfigUpdater", "src\CalcConfigUpdater\CalcConfigUpdater.csproj", "{5646CADA-FEAF-4991-ABDA-DBEBCD54D792}"
EndProject
Project("{FAE04EC0-301F-11D3-BF4B-00C04F79EFBC}") = "NTMinerDataObjects", "src\NTMinerDataObjects\NTMinerDataObjects.csproj", "{DEFC7387-F9FA-4651-A281-6612EFB7FBB6}"
EndProject
Project("{FAE04EC0-301F-11D3-BF4B-00C04F79EFBC}") = "NTMinerLogging", "src\NTMinerLogging\NTMinerLogging.csproj", "{F5091B28-5BB6-4446-9B97-02B37125E340}"
EndProject
Project("{FAE04EC0-301F-11D3-BF4B-00C04F79EFBC}") = "NTMinerRpcClient", "src\NTMinerRpcClient\NTMinerRpcClient.csproj", "{C7108D8F-EB73-4AE3-916F-BE817EDE37AF}"
EndProject
Project("{FAE04EC0-301F-11D3-BF4B-00C04F79EFBC}") = "MinerStudio", "src\MinerStudio\MinerStudio.csproj", "{6ED1F43A-B43F-4BE4-80DD-49297CF3DC4F}"
	ProjectSection(ProjectDependencies) = postProject
		{B3667589-D9B1-489E-AB4F-D1EC06A40A9D} = {B3667589-D9B1-489E-AB4F-D1EC06A40A9D}
	EndProjectSection
EndProject
Project("{FAE04EC0-301F-11D3-BF4B-00C04F79EFBC}") = "MinerStudioSelfHost", "src\MinerStudioSelfHost\MinerStudioSelfHost.csproj", "{526C022A-3C86-4998-A8F1-F5860F183C7C}"
EndProject
Project("{FAE04EC0-301F-11D3-BF4B-00C04F79EFBC}") = "NTMinerServices", "src\NTMinerServices\NTMinerServices.csproj", "{E7B88637-7704-4701-98E0-7875BB6E8C98}"
EndProject
Project("{FAE04EC0-301F-11D3-BF4B-00C04F79EFBC}") = "MinerClient", "src\MinerClient\MinerClient.csproj", "{128B59A2-FA1A-479C-9136-7EB866B96FB4}"
	ProjectSection(ProjectDependencies) = postProject
		{B3667589-D9B1-489E-AB4F-D1EC06A40A9D} = {B3667589-D9B1-489E-AB4F-D1EC06A40A9D}
	EndProjectSection
EndProject
Project("{FAE04EC0-301F-11D3-BF4B-00C04F79EFBC}") = "MinerClientSelfHost", "src\MinerClientSelfHost\MinerClientSelfHost.csproj", "{134D71FC-0B67-4A5A-AC05-67509DE3B86B}"
EndProject
Project("{FAE04EC0-301F-11D3-BF4B-00C04F79EFBC}") = "BlankWindow", "src\BlankWindow\BlankWindow.csproj", "{B7107A67-A76E-4313-8C5B-3265DDE238B6}"
EndProject
Project("{2150E333-8FDC-42A3-9474-1A3956D46DE8}") = "docs", "docs", "{E32C4009-7A81-4A60-B561-286D8A0C5E06}"
	ProjectSection(SolutionItems) = preProject
		docs\AmdOverclock.md = docs\AmdOverclock.md
		docs\NTMiner0.md = docs\NTMiner0.md
		docs\NTMiner1.md = docs\NTMiner1.md
		docs\NTMinerBkPool.md = docs\NTMinerBkPool.md
		docs\NTMinerInnerOuter.md = docs\NTMinerInnerOuter.md
		docs\Timer.md = docs\Timer.md
	EndProjectSection
EndProject
Project("{2150E333-8FDC-42A3-9474-1A3956D46DE8}") = "View", "View", "{6F255C76-FE02-4484-8368-DD7899E06FDC}"
EndProject
Project("{2150E333-8FDC-42A3-9474-1A3956D46DE8}") = "Framework", "Framework", "{3E8B6DD0-5039-4E01-899B-2FB28372E66E}"
EndProject
Project("{FAE04EC0-301F-11D3-BF4B-00C04F79EFBC}") = "NTMinerBus", "src\NTMinerBus\NTMinerBus.csproj", "{E17F278A-E393-403E-9D37-E371036D7A02}"
EndProject
Global
	GlobalSection(SolutionConfigurationPlatforms) = preSolution
		Debug|Any CPU = Debug|Any CPU
		Debug|x64 = Debug|x64
		Debug|x86 = Debug|x86
		Release|Any CPU = Release|Any CPU
		Release|x64 = Release|x64
		Release|x86 = Release|x86
	EndGlobalSection
	GlobalSection(ProjectConfigurationPlatforms) = postSolution
		{4A3C8C8B-6642-405F-B349-57E23903F15B}.Debug|Any CPU.ActiveCfg = Debug|Any CPU
		{4A3C8C8B-6642-405F-B349-57E23903F15B}.Debug|Any CPU.Build.0 = Debug|Any CPU
		{4A3C8C8B-6642-405F-B349-57E23903F15B}.Debug|x64.ActiveCfg = Debug|Any CPU
		{4A3C8C8B-6642-405F-B349-57E23903F15B}.Debug|x64.Build.0 = Debug|Any CPU
		{4A3C8C8B-6642-405F-B349-57E23903F15B}.Debug|x86.ActiveCfg = Debug|Any CPU
		{4A3C8C8B-6642-405F-B349-57E23903F15B}.Debug|x86.Build.0 = Debug|Any CPU
		{4A3C8C8B-6642-405F-B349-57E23903F15B}.Release|Any CPU.ActiveCfg = Release|Any CPU
		{4A3C8C8B-6642-405F-B349-57E23903F15B}.Release|Any CPU.Build.0 = Release|Any CPU
		{4A3C8C8B-6642-405F-B349-57E23903F15B}.Release|x64.ActiveCfg = Release|Any CPU
		{4A3C8C8B-6642-405F-B349-57E23903F15B}.Release|x64.Build.0 = Release|Any CPU
		{4A3C8C8B-6642-405F-B349-57E23903F15B}.Release|x86.ActiveCfg = Release|Any CPU
		{4A3C8C8B-6642-405F-B349-57E23903F15B}.Release|x86.Build.0 = Release|Any CPU
		{85D052AB-44B8-46F3-9D7B-F624C24FD8BA}.Debug|Any CPU.ActiveCfg = Debug|Any CPU
		{85D052AB-44B8-46F3-9D7B-F624C24FD8BA}.Debug|Any CPU.Build.0 = Debug|Any CPU
		{85D052AB-44B8-46F3-9D7B-F624C24FD8BA}.Debug|x64.ActiveCfg = Debug|Any CPU
		{85D052AB-44B8-46F3-9D7B-F624C24FD8BA}.Debug|x64.Build.0 = Debug|Any CPU
		{85D052AB-44B8-46F3-9D7B-F624C24FD8BA}.Debug|x86.ActiveCfg = Debug|x86
		{85D052AB-44B8-46F3-9D7B-F624C24FD8BA}.Debug|x86.Build.0 = Debug|x86
		{85D052AB-44B8-46F3-9D7B-F624C24FD8BA}.Release|Any CPU.ActiveCfg = Release|Any CPU
		{85D052AB-44B8-46F3-9D7B-F624C24FD8BA}.Release|Any CPU.Build.0 = Release|Any CPU
		{85D052AB-44B8-46F3-9D7B-F624C24FD8BA}.Release|x64.ActiveCfg = Release|Any CPU
		{85D052AB-44B8-46F3-9D7B-F624C24FD8BA}.Release|x64.Build.0 = Release|Any CPU
		{85D052AB-44B8-46F3-9D7B-F624C24FD8BA}.Release|x86.ActiveCfg = Release|x86
		{85D052AB-44B8-46F3-9D7B-F624C24FD8BA}.Release|x86.Build.0 = Release|x86
		{5D0F2719-83FD-40FC-8F65-85EBB891BC13}.Debug|Any CPU.ActiveCfg = Debug|Any CPU
		{5D0F2719-83FD-40FC-8F65-85EBB891BC13}.Debug|Any CPU.Build.0 = Debug|Any CPU
		{5D0F2719-83FD-40FC-8F65-85EBB891BC13}.Debug|x64.ActiveCfg = Debug|Any CPU
		{5D0F2719-83FD-40FC-8F65-85EBB891BC13}.Debug|x64.Build.0 = Debug|Any CPU
		{5D0F2719-83FD-40FC-8F65-85EBB891BC13}.Debug|x86.ActiveCfg = Debug|Any CPU
		{5D0F2719-83FD-40FC-8F65-85EBB891BC13}.Debug|x86.Build.0 = Debug|Any CPU
		{5D0F2719-83FD-40FC-8F65-85EBB891BC13}.Release|Any CPU.ActiveCfg = Release|Any CPU
		{5D0F2719-83FD-40FC-8F65-85EBB891BC13}.Release|Any CPU.Build.0 = Release|Any CPU
		{5D0F2719-83FD-40FC-8F65-85EBB891BC13}.Release|x64.ActiveCfg = Release|Any CPU
		{5D0F2719-83FD-40FC-8F65-85EBB891BC13}.Release|x64.Build.0 = Release|Any CPU
		{5D0F2719-83FD-40FC-8F65-85EBB891BC13}.Release|x86.ActiveCfg = Release|Any CPU
		{5D0F2719-83FD-40FC-8F65-85EBB891BC13}.Release|x86.Build.0 = Release|Any CPU
		{4B8A3AEC-4021-480A-8C5F-DCA17E6867B0}.Debug|Any CPU.ActiveCfg = Debug|Any CPU
		{4B8A3AEC-4021-480A-8C5F-DCA17E6867B0}.Debug|Any CPU.Build.0 = Debug|Any CPU
		{4B8A3AEC-4021-480A-8C5F-DCA17E6867B0}.Debug|x64.ActiveCfg = Debug|Any CPU
		{4B8A3AEC-4021-480A-8C5F-DCA17E6867B0}.Debug|x64.Build.0 = Debug|Any CPU
		{4B8A3AEC-4021-480A-8C5F-DCA17E6867B0}.Debug|x86.ActiveCfg = Debug|Any CPU
		{4B8A3AEC-4021-480A-8C5F-DCA17E6867B0}.Debug|x86.Build.0 = Debug|Any CPU
		{4B8A3AEC-4021-480A-8C5F-DCA17E6867B0}.Release|Any CPU.ActiveCfg = Release|Any CPU
		{4B8A3AEC-4021-480A-8C5F-DCA17E6867B0}.Release|Any CPU.Build.0 = Release|Any CPU
		{4B8A3AEC-4021-480A-8C5F-DCA17E6867B0}.Release|x64.ActiveCfg = Release|Any CPU
		{4B8A3AEC-4021-480A-8C5F-DCA17E6867B0}.Release|x64.Build.0 = Release|Any CPU
		{4B8A3AEC-4021-480A-8C5F-DCA17E6867B0}.Release|x86.ActiveCfg = Release|Any CPU
		{4B8A3AEC-4021-480A-8C5F-DCA17E6867B0}.Release|x86.Build.0 = Release|Any CPU
		{56216641-FA69-46BD-AD32-C31F9FA735C8}.Debug|Any CPU.ActiveCfg = Debug|Any CPU
		{56216641-FA69-46BD-AD32-C31F9FA735C8}.Debug|Any CPU.Build.0 = Debug|Any CPU
		{56216641-FA69-46BD-AD32-C31F9FA735C8}.Debug|x64.ActiveCfg = Debug|Any CPU
		{56216641-FA69-46BD-AD32-C31F9FA735C8}.Debug|x64.Build.0 = Debug|Any CPU
		{56216641-FA69-46BD-AD32-C31F9FA735C8}.Debug|x86.ActiveCfg = Debug|Any CPU
		{56216641-FA69-46BD-AD32-C31F9FA735C8}.Debug|x86.Build.0 = Debug|Any CPU
		{56216641-FA69-46BD-AD32-C31F9FA735C8}.Release|Any CPU.ActiveCfg = Release|Any CPU
		{56216641-FA69-46BD-AD32-C31F9FA735C8}.Release|Any CPU.Build.0 = Release|Any CPU
		{56216641-FA69-46BD-AD32-C31F9FA735C8}.Release|x64.ActiveCfg = Release|Any CPU
		{56216641-FA69-46BD-AD32-C31F9FA735C8}.Release|x64.Build.0 = Release|Any CPU
		{56216641-FA69-46BD-AD32-C31F9FA735C8}.Release|x86.ActiveCfg = Release|Any CPU
		{56216641-FA69-46BD-AD32-C31F9FA735C8}.Release|x86.Build.0 = Release|Any CPU
		{436B02D6-E66E-41BA-B641-2A195702839B}.Debug|Any CPU.ActiveCfg = Debug|Any CPU
		{436B02D6-E66E-41BA-B641-2A195702839B}.Debug|Any CPU.Build.0 = Debug|Any CPU
		{436B02D6-E66E-41BA-B641-2A195702839B}.Debug|x64.ActiveCfg = Debug|Any CPU
		{436B02D6-E66E-41BA-B641-2A195702839B}.Debug|x64.Build.0 = Debug|Any CPU
		{436B02D6-E66E-41BA-B641-2A195702839B}.Debug|x86.ActiveCfg = Debug|Any CPU
		{436B02D6-E66E-41BA-B641-2A195702839B}.Debug|x86.Build.0 = Debug|Any CPU
		{436B02D6-E66E-41BA-B641-2A195702839B}.Release|Any CPU.ActiveCfg = Release|Any CPU
		{436B02D6-E66E-41BA-B641-2A195702839B}.Release|Any CPU.Build.0 = Release|Any CPU
		{436B02D6-E66E-41BA-B641-2A195702839B}.Release|x64.ActiveCfg = Release|Any CPU
		{436B02D6-E66E-41BA-B641-2A195702839B}.Release|x64.Build.0 = Release|Any CPU
		{436B02D6-E66E-41BA-B641-2A195702839B}.Release|x86.ActiveCfg = Release|Any CPU
		{436B02D6-E66E-41BA-B641-2A195702839B}.Release|x86.Build.0 = Release|Any CPU
		{DD8E010E-D5E9-47CF-9CB4-8DC6E13D483D}.Debug|Any CPU.ActiveCfg = Debug|Any CPU
		{DD8E010E-D5E9-47CF-9CB4-8DC6E13D483D}.Debug|Any CPU.Build.0 = Debug|Any CPU
		{DD8E010E-D5E9-47CF-9CB4-8DC6E13D483D}.Debug|x64.ActiveCfg = Debug|Any CPU
		{DD8E010E-D5E9-47CF-9CB4-8DC6E13D483D}.Debug|x64.Build.0 = Debug|Any CPU
		{DD8E010E-D5E9-47CF-9CB4-8DC6E13D483D}.Debug|x86.ActiveCfg = Debug|Any CPU
		{DD8E010E-D5E9-47CF-9CB4-8DC6E13D483D}.Debug|x86.Build.0 = Debug|Any CPU
		{DD8E010E-D5E9-47CF-9CB4-8DC6E13D483D}.Release|Any CPU.ActiveCfg = Release|Any CPU
		{DD8E010E-D5E9-47CF-9CB4-8DC6E13D483D}.Release|Any CPU.Build.0 = Release|Any CPU
		{DD8E010E-D5E9-47CF-9CB4-8DC6E13D483D}.Release|x64.ActiveCfg = Release|Any CPU
		{DD8E010E-D5E9-47CF-9CB4-8DC6E13D483D}.Release|x64.Build.0 = Release|Any CPU
		{DD8E010E-D5E9-47CF-9CB4-8DC6E13D483D}.Release|x86.ActiveCfg = Release|Any CPU
		{DD8E010E-D5E9-47CF-9CB4-8DC6E13D483D}.Release|x86.Build.0 = Release|Any CPU
		{3426F677-5026-4BB1-A0B2-DD5D9BD70D07}.Debug|Any CPU.ActiveCfg = Debug|Any CPU
		{3426F677-5026-4BB1-A0B2-DD5D9BD70D07}.Debug|Any CPU.Build.0 = Debug|Any CPU
		{3426F677-5026-4BB1-A0B2-DD5D9BD70D07}.Debug|x64.ActiveCfg = Debug|Any CPU
		{3426F677-5026-4BB1-A0B2-DD5D9BD70D07}.Debug|x64.Build.0 = Debug|Any CPU
		{3426F677-5026-4BB1-A0B2-DD5D9BD70D07}.Debug|x86.ActiveCfg = Debug|Any CPU
		{3426F677-5026-4BB1-A0B2-DD5D9BD70D07}.Debug|x86.Build.0 = Debug|Any CPU
		{3426F677-5026-4BB1-A0B2-DD5D9BD70D07}.Release|Any CPU.ActiveCfg = Release|Any CPU
		{3426F677-5026-4BB1-A0B2-DD5D9BD70D07}.Release|Any CPU.Build.0 = Release|Any CPU
		{3426F677-5026-4BB1-A0B2-DD5D9BD70D07}.Release|x64.ActiveCfg = Release|Any CPU
		{3426F677-5026-4BB1-A0B2-DD5D9BD70D07}.Release|x64.Build.0 = Release|Any CPU
		{3426F677-5026-4BB1-A0B2-DD5D9BD70D07}.Release|x86.ActiveCfg = Release|Any CPU
		{3426F677-5026-4BB1-A0B2-DD5D9BD70D07}.Release|x86.Build.0 = Release|Any CPU
		{B3667589-D9B1-489E-AB4F-D1EC06A40A9D}.Debug|Any CPU.ActiveCfg = Debug|Any CPU
		{B3667589-D9B1-489E-AB4F-D1EC06A40A9D}.Debug|Any CPU.Build.0 = Debug|Any CPU
		{B3667589-D9B1-489E-AB4F-D1EC06A40A9D}.Debug|x64.ActiveCfg = Debug|Any CPU
		{B3667589-D9B1-489E-AB4F-D1EC06A40A9D}.Debug|x64.Build.0 = Debug|Any CPU
		{B3667589-D9B1-489E-AB4F-D1EC06A40A9D}.Debug|x86.ActiveCfg = Debug|x86
		{B3667589-D9B1-489E-AB4F-D1EC06A40A9D}.Debug|x86.Build.0 = Debug|x86
		{B3667589-D9B1-489E-AB4F-D1EC06A40A9D}.Release|Any CPU.ActiveCfg = Release|Any CPU
		{B3667589-D9B1-489E-AB4F-D1EC06A40A9D}.Release|Any CPU.Build.0 = Release|Any CPU
		{B3667589-D9B1-489E-AB4F-D1EC06A40A9D}.Release|x64.ActiveCfg = Release|Any CPU
		{B3667589-D9B1-489E-AB4F-D1EC06A40A9D}.Release|x64.Build.0 = Release|Any CPU
		{B3667589-D9B1-489E-AB4F-D1EC06A40A9D}.Release|x86.ActiveCfg = Release|x86
		{B3667589-D9B1-489E-AB4F-D1EC06A40A9D}.Release|x86.Build.0 = Release|x86
		{5646CADA-FEAF-4991-ABDA-DBEBCD54D792}.Debug|Any CPU.ActiveCfg = Debug|Any CPU
		{5646CADA-FEAF-4991-ABDA-DBEBCD54D792}.Debug|Any CPU.Build.0 = Debug|Any CPU
		{5646CADA-FEAF-4991-ABDA-DBEBCD54D792}.Debug|x64.ActiveCfg = Debug|Any CPU
		{5646CADA-FEAF-4991-ABDA-DBEBCD54D792}.Debug|x64.Build.0 = Debug|Any CPU
		{5646CADA-FEAF-4991-ABDA-DBEBCD54D792}.Debug|x86.ActiveCfg = Debug|Any CPU
		{5646CADA-FEAF-4991-ABDA-DBEBCD54D792}.Debug|x86.Build.0 = Debug|Any CPU
		{5646CADA-FEAF-4991-ABDA-DBEBCD54D792}.Release|Any CPU.ActiveCfg = Release|Any CPU
		{5646CADA-FEAF-4991-ABDA-DBEBCD54D792}.Release|Any CPU.Build.0 = Release|Any CPU
		{5646CADA-FEAF-4991-ABDA-DBEBCD54D792}.Release|x64.ActiveCfg = Release|Any CPU
		{5646CADA-FEAF-4991-ABDA-DBEBCD54D792}.Release|x64.Build.0 = Release|Any CPU
		{5646CADA-FEAF-4991-ABDA-DBEBCD54D792}.Release|x86.ActiveCfg = Release|Any CPU
		{5646CADA-FEAF-4991-ABDA-DBEBCD54D792}.Release|x86.Build.0 = Release|Any CPU
		{DEFC7387-F9FA-4651-A281-6612EFB7FBB6}.Debug|Any CPU.ActiveCfg = Debug|Any CPU
		{DEFC7387-F9FA-4651-A281-6612EFB7FBB6}.Debug|Any CPU.Build.0 = Debug|Any CPU
		{DEFC7387-F9FA-4651-A281-6612EFB7FBB6}.Debug|x64.ActiveCfg = Debug|Any CPU
		{DEFC7387-F9FA-4651-A281-6612EFB7FBB6}.Debug|x64.Build.0 = Debug|Any CPU
		{DEFC7387-F9FA-4651-A281-6612EFB7FBB6}.Debug|x86.ActiveCfg = Debug|Any CPU
		{DEFC7387-F9FA-4651-A281-6612EFB7FBB6}.Debug|x86.Build.0 = Debug|Any CPU
		{DEFC7387-F9FA-4651-A281-6612EFB7FBB6}.Release|Any CPU.ActiveCfg = Release|Any CPU
		{DEFC7387-F9FA-4651-A281-6612EFB7FBB6}.Release|Any CPU.Build.0 = Release|Any CPU
		{DEFC7387-F9FA-4651-A281-6612EFB7FBB6}.Release|x64.ActiveCfg = Release|Any CPU
		{DEFC7387-F9FA-4651-A281-6612EFB7FBB6}.Release|x64.Build.0 = Release|Any CPU
		{DEFC7387-F9FA-4651-A281-6612EFB7FBB6}.Release|x86.ActiveCfg = Release|Any CPU
		{DEFC7387-F9FA-4651-A281-6612EFB7FBB6}.Release|x86.Build.0 = Release|Any CPU
		{F5091B28-5BB6-4446-9B97-02B37125E340}.Debug|Any CPU.ActiveCfg = Debug|Any CPU
		{F5091B28-5BB6-4446-9B97-02B37125E340}.Debug|Any CPU.Build.0 = Debug|Any CPU
		{F5091B28-5BB6-4446-9B97-02B37125E340}.Debug|x64.ActiveCfg = Debug|Any CPU
		{F5091B28-5BB6-4446-9B97-02B37125E340}.Debug|x64.Build.0 = Debug|Any CPU
		{F5091B28-5BB6-4446-9B97-02B37125E340}.Debug|x86.ActiveCfg = Debug|Any CPU
		{F5091B28-5BB6-4446-9B97-02B37125E340}.Debug|x86.Build.0 = Debug|Any CPU
		{F5091B28-5BB6-4446-9B97-02B37125E340}.Release|Any CPU.ActiveCfg = Release|Any CPU
		{F5091B28-5BB6-4446-9B97-02B37125E340}.Release|Any CPU.Build.0 = Release|Any CPU
		{F5091B28-5BB6-4446-9B97-02B37125E340}.Release|x64.ActiveCfg = Release|Any CPU
		{F5091B28-5BB6-4446-9B97-02B37125E340}.Release|x64.Build.0 = Release|Any CPU
		{F5091B28-5BB6-4446-9B97-02B37125E340}.Release|x86.ActiveCfg = Release|Any CPU
		{F5091B28-5BB6-4446-9B97-02B37125E340}.Release|x86.Build.0 = Release|Any CPU
		{C7108D8F-EB73-4AE3-916F-BE817EDE37AF}.Debug|Any CPU.ActiveCfg = Debug|Any CPU
		{C7108D8F-EB73-4AE3-916F-BE817EDE37AF}.Debug|Any CPU.Build.0 = Debug|Any CPU
		{C7108D8F-EB73-4AE3-916F-BE817EDE37AF}.Debug|x64.ActiveCfg = Debug|Any CPU
		{C7108D8F-EB73-4AE3-916F-BE817EDE37AF}.Debug|x64.Build.0 = Debug|Any CPU
		{C7108D8F-EB73-4AE3-916F-BE817EDE37AF}.Debug|x86.ActiveCfg = Debug|Any CPU
		{C7108D8F-EB73-4AE3-916F-BE817EDE37AF}.Debug|x86.Build.0 = Debug|Any CPU
		{C7108D8F-EB73-4AE3-916F-BE817EDE37AF}.Release|Any CPU.ActiveCfg = Release|Any CPU
		{C7108D8F-EB73-4AE3-916F-BE817EDE37AF}.Release|Any CPU.Build.0 = Release|Any CPU
		{C7108D8F-EB73-4AE3-916F-BE817EDE37AF}.Release|x64.ActiveCfg = Release|Any CPU
		{C7108D8F-EB73-4AE3-916F-BE817EDE37AF}.Release|x64.Build.0 = Release|Any CPU
		{C7108D8F-EB73-4AE3-916F-BE817EDE37AF}.Release|x86.ActiveCfg = Release|Any CPU
		{C7108D8F-EB73-4AE3-916F-BE817EDE37AF}.Release|x86.Build.0 = Release|Any CPU
		{6ED1F43A-B43F-4BE4-80DD-49297CF3DC4F}.Debug|Any CPU.ActiveCfg = Debug|Any CPU
		{6ED1F43A-B43F-4BE4-80DD-49297CF3DC4F}.Debug|Any CPU.Build.0 = Debug|Any CPU
		{6ED1F43A-B43F-4BE4-80DD-49297CF3DC4F}.Debug|x64.ActiveCfg = Debug|Any CPU
		{6ED1F43A-B43F-4BE4-80DD-49297CF3DC4F}.Debug|x64.Build.0 = Debug|Any CPU
		{6ED1F43A-B43F-4BE4-80DD-49297CF3DC4F}.Debug|x86.ActiveCfg = Debug|x86
		{6ED1F43A-B43F-4BE4-80DD-49297CF3DC4F}.Debug|x86.Build.0 = Debug|x86
		{6ED1F43A-B43F-4BE4-80DD-49297CF3DC4F}.Release|Any CPU.ActiveCfg = Release|Any CPU
		{6ED1F43A-B43F-4BE4-80DD-49297CF3DC4F}.Release|Any CPU.Build.0 = Release|Any CPU
		{6ED1F43A-B43F-4BE4-80DD-49297CF3DC4F}.Release|x64.ActiveCfg = Release|Any CPU
		{6ED1F43A-B43F-4BE4-80DD-49297CF3DC4F}.Release|x64.Build.0 = Release|Any CPU
		{6ED1F43A-B43F-4BE4-80DD-49297CF3DC4F}.Release|x86.ActiveCfg = Release|x86
		{6ED1F43A-B43F-4BE4-80DD-49297CF3DC4F}.Release|x86.Build.0 = Release|x86
		{526C022A-3C86-4998-A8F1-F5860F183C7C}.Debug|Any CPU.ActiveCfg = Debug|Any CPU
		{526C022A-3C86-4998-A8F1-F5860F183C7C}.Debug|Any CPU.Build.0 = Debug|Any CPU
		{526C022A-3C86-4998-A8F1-F5860F183C7C}.Debug|x64.ActiveCfg = Debug|Any CPU
		{526C022A-3C86-4998-A8F1-F5860F183C7C}.Debug|x64.Build.0 = Debug|Any CPU
		{526C022A-3C86-4998-A8F1-F5860F183C7C}.Debug|x86.ActiveCfg = Debug|Any CPU
		{526C022A-3C86-4998-A8F1-F5860F183C7C}.Debug|x86.Build.0 = Debug|Any CPU
		{526C022A-3C86-4998-A8F1-F5860F183C7C}.Release|Any CPU.ActiveCfg = Release|Any CPU
		{526C022A-3C86-4998-A8F1-F5860F183C7C}.Release|Any CPU.Build.0 = Release|Any CPU
		{526C022A-3C86-4998-A8F1-F5860F183C7C}.Release|x64.ActiveCfg = Release|Any CPU
		{526C022A-3C86-4998-A8F1-F5860F183C7C}.Release|x64.Build.0 = Release|Any CPU
		{526C022A-3C86-4998-A8F1-F5860F183C7C}.Release|x86.ActiveCfg = Release|Any CPU
		{526C022A-3C86-4998-A8F1-F5860F183C7C}.Release|x86.Build.0 = Release|Any CPU
		{E7B88637-7704-4701-98E0-7875BB6E8C98}.Debug|Any CPU.ActiveCfg = Debug|Any CPU
		{E7B88637-7704-4701-98E0-7875BB6E8C98}.Debug|Any CPU.Build.0 = Debug|Any CPU
		{E7B88637-7704-4701-98E0-7875BB6E8C98}.Debug|x64.ActiveCfg = Debug|Any CPU
		{E7B88637-7704-4701-98E0-7875BB6E8C98}.Debug|x64.Build.0 = Debug|Any CPU
		{E7B88637-7704-4701-98E0-7875BB6E8C98}.Debug|x86.ActiveCfg = Debug|Any CPU
		{E7B88637-7704-4701-98E0-7875BB6E8C98}.Debug|x86.Build.0 = Debug|Any CPU
		{E7B88637-7704-4701-98E0-7875BB6E8C98}.Release|Any CPU.ActiveCfg = Release|Any CPU
		{E7B88637-7704-4701-98E0-7875BB6E8C98}.Release|Any CPU.Build.0 = Release|Any CPU
		{E7B88637-7704-4701-98E0-7875BB6E8C98}.Release|x64.ActiveCfg = Release|Any CPU
		{E7B88637-7704-4701-98E0-7875BB6E8C98}.Release|x64.Build.0 = Release|Any CPU
		{E7B88637-7704-4701-98E0-7875BB6E8C98}.Release|x86.ActiveCfg = Release|Any CPU
		{E7B88637-7704-4701-98E0-7875BB6E8C98}.Release|x86.Build.0 = Release|Any CPU
		{128B59A2-FA1A-479C-9136-7EB866B96FB4}.Debug|Any CPU.ActiveCfg = Debug|Any CPU
		{128B59A2-FA1A-479C-9136-7EB866B96FB4}.Debug|Any CPU.Build.0 = Debug|Any CPU
		{128B59A2-FA1A-479C-9136-7EB866B96FB4}.Debug|x64.ActiveCfg = Debug|Any CPU
		{128B59A2-FA1A-479C-9136-7EB866B96FB4}.Debug|x64.Build.0 = Debug|Any CPU
		{128B59A2-FA1A-479C-9136-7EB866B96FB4}.Debug|x86.ActiveCfg = Debug|x86
		{128B59A2-FA1A-479C-9136-7EB866B96FB4}.Debug|x86.Build.0 = Debug|x86
		{128B59A2-FA1A-479C-9136-7EB866B96FB4}.Release|Any CPU.ActiveCfg = Release|Any CPU
		{128B59A2-FA1A-479C-9136-7EB866B96FB4}.Release|Any CPU.Build.0 = Release|Any CPU
		{128B59A2-FA1A-479C-9136-7EB866B96FB4}.Release|x64.ActiveCfg = Release|Any CPU
		{128B59A2-FA1A-479C-9136-7EB866B96FB4}.Release|x64.Build.0 = Release|Any CPU
		{128B59A2-FA1A-479C-9136-7EB866B96FB4}.Release|x86.ActiveCfg = Release|x86
		{128B59A2-FA1A-479C-9136-7EB866B96FB4}.Release|x86.Build.0 = Release|x86
		{134D71FC-0B67-4A5A-AC05-67509DE3B86B}.Debug|Any CPU.ActiveCfg = Debug|Any CPU
		{134D71FC-0B67-4A5A-AC05-67509DE3B86B}.Debug|Any CPU.Build.0 = Debug|Any CPU
		{134D71FC-0B67-4A5A-AC05-67509DE3B86B}.Debug|x64.ActiveCfg = Debug|Any CPU
		{134D71FC-0B67-4A5A-AC05-67509DE3B86B}.Debug|x64.Build.0 = Debug|Any CPU
		{134D71FC-0B67-4A5A-AC05-67509DE3B86B}.Debug|x86.ActiveCfg = Debug|Any CPU
		{134D71FC-0B67-4A5A-AC05-67509DE3B86B}.Debug|x86.Build.0 = Debug|Any CPU
		{134D71FC-0B67-4A5A-AC05-67509DE3B86B}.Release|Any CPU.ActiveCfg = Release|Any CPU
		{134D71FC-0B67-4A5A-AC05-67509DE3B86B}.Release|Any CPU.Build.0 = Release|Any CPU
		{134D71FC-0B67-4A5A-AC05-67509DE3B86B}.Release|x64.ActiveCfg = Release|Any CPU
		{134D71FC-0B67-4A5A-AC05-67509DE3B86B}.Release|x64.Build.0 = Release|Any CPU
		{134D71FC-0B67-4A5A-AC05-67509DE3B86B}.Release|x86.ActiveCfg = Release|Any CPU
		{134D71FC-0B67-4A5A-AC05-67509DE3B86B}.Release|x86.Build.0 = Release|Any CPU
		{B7107A67-A76E-4313-8C5B-3265DDE238B6}.Debug|Any CPU.ActiveCfg = Debug|Any CPU
		{B7107A67-A76E-4313-8C5B-3265DDE238B6}.Debug|Any CPU.Build.0 = Debug|Any CPU
		{B7107A67-A76E-4313-8C5B-3265DDE238B6}.Debug|x64.ActiveCfg = Debug|Any CPU
		{B7107A67-A76E-4313-8C5B-3265DDE238B6}.Debug|x64.Build.0 = Debug|Any CPU
		{B7107A67-A76E-4313-8C5B-3265DDE238B6}.Debug|x86.ActiveCfg = Debug|Any CPU
		{B7107A67-A76E-4313-8C5B-3265DDE238B6}.Debug|x86.Build.0 = Debug|Any CPU
		{B7107A67-A76E-4313-8C5B-3265DDE238B6}.Release|Any CPU.ActiveCfg = Release|Any CPU
		{B7107A67-A76E-4313-8C5B-3265DDE238B6}.Release|Any CPU.Build.0 = Release|Any CPU
		{B7107A67-A76E-4313-8C5B-3265DDE238B6}.Release|x64.ActiveCfg = Release|Any CPU
		{B7107A67-A76E-4313-8C5B-3265DDE238B6}.Release|x64.Build.0 = Release|Any CPU
		{B7107A67-A76E-4313-8C5B-3265DDE238B6}.Release|x86.ActiveCfg = Release|Any CPU
		{B7107A67-A76E-4313-8C5B-3265DDE238B6}.Release|x86.Build.0 = Release|Any CPU
		{E17F278A-E393-403E-9D37-E371036D7A02}.Debug|Any CPU.ActiveCfg = Debug|Any CPU
		{E17F278A-E393-403E-9D37-E371036D7A02}.Debug|Any CPU.Build.0 = Debug|Any CPU
		{E17F278A-E393-403E-9D37-E371036D7A02}.Debug|x64.ActiveCfg = Debug|Any CPU
		{E17F278A-E393-403E-9D37-E371036D7A02}.Debug|x64.Build.0 = Debug|Any CPU
		{E17F278A-E393-403E-9D37-E371036D7A02}.Debug|x86.ActiveCfg = Debug|Any CPU
		{E17F278A-E393-403E-9D37-E371036D7A02}.Debug|x86.Build.0 = Debug|Any CPU
		{E17F278A-E393-403E-9D37-E371036D7A02}.Release|Any CPU.ActiveCfg = Release|Any CPU
		{E17F278A-E393-403E-9D37-E371036D7A02}.Release|Any CPU.Build.0 = Release|Any CPU
		{E17F278A-E393-403E-9D37-E371036D7A02}.Release|x64.ActiveCfg = Release|Any CPU
		{E17F278A-E393-403E-9D37-E371036D7A02}.Release|x64.Build.0 = Release|Any CPU
		{E17F278A-E393-403E-9D37-E371036D7A02}.Release|x86.ActiveCfg = Release|Any CPU
		{E17F278A-E393-403E-9D37-E371036D7A02}.Release|x86.Build.0 = Release|Any CPU
	EndGlobalSection
	GlobalSection(SolutionProperties) = preSolution
		HideSolutionNode = FALSE
	EndGlobalSection
	GlobalSection(NestedProjects) = preSolution
		{85D052AB-44B8-46F3-9D7B-F624C24FD8BA} = {E66C9F7C-617A-4E97-978A-A06E3A95BEE8}
		{4B8A3AEC-4021-480A-8C5F-DCA17E6867B0} = {E66C9F7C-617A-4E97-978A-A06E3A95BEE8}
		{56216641-FA69-46BD-AD32-C31F9FA735C8} = {E66C9F7C-617A-4E97-978A-A06E3A95BEE8}
		{436B02D6-E66E-41BA-B641-2A195702839B} = {E66C9F7C-617A-4E97-978A-A06E3A95BEE8}
		{DD8E010E-D5E9-47CF-9CB4-8DC6E13D483D} = {3E8B6DD0-5039-4E01-899B-2FB28372E66E}
		{3426F677-5026-4BB1-A0B2-DD5D9BD70D07} = {6F255C76-FE02-4484-8368-DD7899E06FDC}
		{B3667589-D9B1-489E-AB4F-D1EC06A40A9D} = {6F255C76-FE02-4484-8368-DD7899E06FDC}
		{5646CADA-FEAF-4991-ABDA-DBEBCD54D792} = {43C57D59-9DC7-45AE-9D09-5D3D413E41EC}
		{6ED1F43A-B43F-4BE4-80DD-49297CF3DC4F} = {E66C9F7C-617A-4E97-978A-A06E3A95BEE8}
		{526C022A-3C86-4998-A8F1-F5860F183C7C} = {E66C9F7C-617A-4E97-978A-A06E3A95BEE8}
		{E7B88637-7704-4701-98E0-7875BB6E8C98} = {43C57D59-9DC7-45AE-9D09-5D3D413E41EC}
		{128B59A2-FA1A-479C-9136-7EB866B96FB4} = {E66C9F7C-617A-4E97-978A-A06E3A95BEE8}
		{134D71FC-0B67-4A5A-AC05-67509DE3B86B} = {E66C9F7C-617A-4E97-978A-A06E3A95BEE8}
		{B7107A67-A76E-4313-8C5B-3265DDE238B6} = {3E8B6DD0-5039-4E01-899B-2FB28372E66E}
		{E32C4009-7A81-4A60-B561-286D8A0C5E06} = {CE1BCA4A-E725-42A7-80ED-AEDF3B0EF2EB}
		{6F255C76-FE02-4484-8368-DD7899E06FDC} = {E66C9F7C-617A-4E97-978A-A06E3A95BEE8}
		{3E8B6DD0-5039-4E01-899B-2FB28372E66E} = {E66C9F7C-617A-4E97-978A-A06E3A95BEE8}
	EndGlobalSection
	GlobalSection(ExtensibilityGlobals) = postSolution
		SolutionGuid = {A5D14B0A-73FF-46E8-87F3-7E83FFC1DBDD}
	EndGlobalSection
EndGlobal
