
Microsoft Visual Studio Solution File, Format Version 12.00
# Visual Studio 14
VisualStudioVersion = 14.0.23107.0
MinimumVisualStudioVersion = 10.0.40219.1
Project("{FAE04EC0-301F-11D3-BF4B-00C04F79EFBC}") = "GFramework.BlankWindow", "GFramework.BlankWindow\GFramework.BlankWindow.csproj", "{B7107A67-A76E-4313-8C5B-3265DDE238B6}"
EndProject
Project("{FAE04EC0-301F-11D3-BF4B-00C04F79EFBC}") = "GFramework.BlankWindow.Demo", "GFramework.BlankWindow.Demo\GFramework.BlankWindow.Demo.csproj", "{258F1E45-C0DF-4282-9102-25D3F24FC190}"
EndProject
Global
	GlobalSection(SolutionConfigurationPlatforms) = preSolution
		Debug|Any CPU = Debug|Any CPU
		Release|Any CPU = Release|Any CPU
	EndGlobalSection
	GlobalSection(ProjectConfigurationPlatforms) = postSolution
		{B7107A67-A76E-4313-8C5B-3265DDE238B6}.Debug|Any CPU.ActiveCfg = Debug|Any CPU
		{B7107A67-A76E-4313-8C5B-3265DDE238B6}.Debug|Any CPU.Build.0 = Debug|Any CPU
		{B7107A67-A76E-4313-8C5B-3265DDE238B6}.Release|Any CPU.ActiveCfg = Release|Any CPU
		{B7107A67-A76E-4313-8C5B-3265DDE238B6}.Release|Any CPU.Build.0 = Release|Any CPU
		{258F1E45-C0DF-4282-9102-25D3F24FC190}.Debug|Any CPU.ActiveCfg = Debug|Any CPU
		{258F1E45-C0DF-4282-9102-25D3F24FC190}.Debug|Any CPU.Build.0 = Debug|Any CPU
		{258F1E45-C0DF-4282-9102-25D3F24FC190}.Release|Any CPU.ActiveCfg = Release|Any CPU
		{258F1E45-C0DF-4282-9102-25D3F24FC190}.Release|Any CPU.Build.0 = Release|Any CPU
	EndGlobalSection
	GlobalSection(SolutionProperties) = preSolution
		HideSolutionNode = FALSE
	EndGlobalSection
EndGlobal
